
Microsoft Visual Studio Solution File, Format Version 12.00
# Visual Studio Version 16
VisualStudioVersion = 16.0.31205.134
MinimumVisualStudioVersion = 10.0.40219.1
Project("{FAE04EC0-301F-11D3-BF4B-00C04F79EFBC}") = "EstruturasDeRepeticao", "EstruturasDeRepeticao\EstruturasDeRepeticao.csproj", "{438BAA17-227F-4462-9E46-253E90121CFD}"
EndProject
Global
	GlobalSection(SolutionConfigurationPlatforms) = preSolution
		Debug|Any CPU = Debug|Any CPU
		Release|Any CPU = Release|Any CPU
	EndGlobalSection
	GlobalSection(ProjectConfigurationPlatforms) = postSolution
		{438BAA17-227F-4462-9E46-253E90121CFD}.Debug|Any CPU.ActiveCfg = Debug|Any CPU
		{438BAA17-227F-4462-9E46-253E90121CFD}.Debug|Any CPU.Build.0 = Debug|Any CPU
		{438BAA17-227F-4462-9E46-253E90121CFD}.Release|Any CPU.ActiveCfg = Release|Any CPU
		{438BAA17-227F-4462-9E46-253E90121CFD}.Release|Any CPU.Build.0 = Release|Any CPU
	EndGlobalSection
	GlobalSection(SolutionProperties) = preSolution
		HideSolutionNode = FALSE
	EndGlobalSection
	GlobalSection(ExtensibilityGlobals) = postSolution
		SolutionGuid = {1405CD6F-FC51-4B82-ABCF-C99F91B63B7E}
	EndGlobalSection
EndGlobal
